// !$*UTF8*$!
{
	archiveVersion = 1;
	classes = {
	};
	objectVersion = 50;
	objects = {

/* Begin PBXBuildFile section */
		E58CFA3D212E7DD300D03957 /* AppDelegate.swift in Sources */ = {isa = PBXBuildFile; fileRef = E58CFA3C212E7DD300D03957 /* AppDelegate.swift */; };
		E58CFA3F212E7DD300D03957 /* ViewController.swift in Sources */ = {isa = PBXBuildFile; fileRef = E58CFA3E212E7DD300D03957 /* ViewController.swift */; };
		E58CFA42212E7DD300D03957 /* BillSplitter.storyboard in Resources */ = {isa = PBXBuildFile; fileRef = E58CFA40212E7DD300D03957 /* BillSplitter.storyboard */; };
		E58CFA44212E7DD300D03957 /* Assets.xcassets in Resources */ = {isa = PBXBuildFile; fileRef = E58CFA43212E7DD300D03957 /* Assets.xcassets */; };
		E58CFA47212E7DD300D03957 /* LaunchScreen.storyboard in Resources */ = {isa = PBXBuildFile; fileRef = E58CFA45212E7DD300D03957 /* LaunchScreen.storyboard */; };
		E58CFA4F212F48DE00D03957 /* ResultViewController.swift in Sources */ = {isa = PBXBuildFile; fileRef = E58CFA4E212F48DE00D03957 /* ResultViewController.swift */; };
/* End PBXBuildFile section */

/* Begin PBXFileReference section */
		E58CFA39212E7DD300D03957 /* Bill Splitter.app */ = {isa = PBXFileReference; explicitFileType = wrapper.application; includeInIndex = 0; path = "Bill Splitter.app"; sourceTree = BUILT_PRODUCTS_DIR; };
		E58CFA3C212E7DD300D03957 /* AppDelegate.swift */ = {isa = PBXFileReference; lastKnownFileType = sourcecode.swift; path = AppDelegate.swift; sourceTree = "<group>"; };
		E58CFA3E212E7DD300D03957 /* ViewController.swift */ = {isa = PBXFileReference; lastKnownFileType = sourcecode.swift; path = ViewController.swift; sourceTree = "<group>"; };
		E58CFA41212E7DD300D03957 /* Base */ = {isa = PBXFileReference; lastKnownFileType = file.storyboard; name = Base; path = Base.lproj/BillSplitter.storyboard; sourceTree = "<group>"; };
		E58CFA43212E7DD300D03957 /* Assets.xcassets */ = {isa = PBXFileReference; lastKnownFileType = folder.assetcatalog; path = Assets.xcassets; sourceTree = "<group>"; };
		E58CFA46212E7DD300D03957 /* Base */ = {isa = PBXFileReference; lastKnownFileType = file.storyboard; name = Base; path = Base.lproj/LaunchScreen.storyboard; sourceTree = "<group>"; };
		E58CFA48212E7DD300D03957 /* Info.plist */ = {isa = PBXFileReference; lastKnownFileType = text.plist.xml; path = Info.plist; sourceTree = "<group>"; };
		E58CFA4E212F48DE00D03957 /* ResultViewController.swift */ = {isa = PBXFileReference; lastKnownFileType = sourcecode.swift; path = ResultViewController.swift; sourceTree = "<group>"; };
/* End PBXFileReference section */

/* Begin PBXFrameworksBuildPhase section */
		E58CFA36212E7DD300D03957 /* Frameworks */ = {
			isa = PBXFrameworksBuildPhase;
			buildActionMask = 2147483647;
			files = (
			);
			runOnlyForDeploymentPostprocessing = 0;
		};
/* End PBXFrameworksBuildPhase section */

/* Begin PBXGroup section */
		E58CFA30212E7DD200D03957 = {
			isa = PBXGroup;
			children = (
				E58CFA3B212E7DD300D03957 /* Bill Splitter */,
				E58CFA3A212E7DD300D03957 /* Products */,
			);
			sourceTree = "<group>";
		};
		E58CFA3A212E7DD300D03957 /* Products */ = {
			isa = PBXGroup;
			children = (
				E58CFA39212E7DD300D03957 /* Bill Splitter.app */,
			);
			name = Products;
			sourceTree = "<group>";
		};
		E58CFA3B212E7DD300D03957 /* Bill Splitter */ = {
			isa = PBXGroup;
			children = (
				E58CFA3C212E7DD300D03957 /* AppDelegate.swift */,
				E58CFA3E212E7DD300D03957 /* ViewController.swift */,
				E58CFA40212E7DD300D03957 /* BillSplitter.storyboard */,
				E58CFA43212E7DD300D03957 /* Assets.xcassets */,
				E58CFA45212E7DD300D03957 /* LaunchScreen.storyboard */,
				E58CFA48212E7DD300D03957 /* Info.plist */,
				E58CFA4E212F48DE00D03957 /* ResultViewController.swift */,
			);
			path = "Bill Splitter";
			sourceTree = "<group>";
		};
/* End PBXGroup section */

/* Begin PBXNativeTarget section */
		E58CFA38212E7DD300D03957 /* Bill Splitter */ = {
			isa = PBXNativeTarget;
			buildConfigurationList = E58CFA4B212E7DD300D03957 /* Build configuration list for PBXNativeTarget "Bill Splitter" */;
			buildPhases = (
				E58CFA35212E7DD300D03957 /* Sources */,
				E58CFA36212E7DD300D03957 /* Frameworks */,
				E58CFA37212E7DD300D03957 /* Resources */,
			);
			buildRules = (
			);
			dependencies = (
			);
			name = "Bill Splitter";
			productName = "Bill Splitter";
			productReference = E58CFA39212E7DD300D03957 /* Bill Splitter.app */;
			productType = "com.apple.product-type.application";
		};
/* End PBXNativeTarget section */

/* Begin PBXProject section */
		E58CFA31212E7DD200D03957 /* Project object */ = {
			isa = PBXProject;
			attributes = {
				LastSwiftUpdateCheck = 0940;
				LastUpgradeCheck = 0940;
				ORGANIZATIONNAME = Maxx;
				TargetAttributes = {
					E58CFA38212E7DD300D03957 = {
						CreatedOnToolsVersion = 9.4.1;
					};
				};
			};
			buildConfigurationList = E58CFA34212E7DD200D03957 /* Build configuration list for PBXProject "Bill Splitter" */;
			compatibilityVersion = "Xcode 9.3";
			developmentRegion = en;
			hasScannedForEncodings = 0;
			knownRegions = (
				en,
				Base,
			);
			mainGroup = E58CFA30212E7DD200D03957;
			productRefGroup = E58CFA3A212E7DD300D03957 /* Products */;
			projectDirPath = "";
			projectRoot = "";
			targets = (
				E58CFA38212E7DD300D03957 /* Bill Splitter */,
			);
		};
/* End PBXProject section */

/* Begin PBXResourcesBuildPhase section */
		E58CFA37212E7DD300D03957 /* Resources */ = {
			isa = PBXResourcesBuildPhase;
			buildActionMask = 2147483647;
			files = (
				E58CFA47212E7DD300D03957 /* LaunchScreen.storyboard in Resources */,
				E58CFA44212E7DD300D03957 /* Assets.xcassets in Resources */,
				E58CFA42212E7DD300D03957 /* BillSplitter.storyboard in Resources */,
			);
			runOnlyForDeploymentPostprocessing = 0;
		};
/* End PBXResourcesBuildPhase section */

/* Begin PBXSourcesBuildPhase section */
		E58CFA35212E7DD300D03957 /* Sources */ = {
			isa = PBXSourcesBuildPhase;
			buildActionMask = 2147483647;
			files = (
				E58CFA3F212E7DD300D03957 /* ViewController.swift in Sources */,
				E58CFA3D212E7DD300D03957 /* AppDelegate.swift in Sources */,
				E58CFA4F212F48DE00D03957 /* ResultViewController.swift in Sources */,
			);
			runOnlyForDeploymentPostprocessing = 0;
		};
/* End PBXSourcesBuildPhase section */

/* Begin PBXVariantGroup section */
		E58CFA40212E7DD300D03957 /* BillSplitter.storyboard */ = {
			isa = PBXVariantGroup;
			children = (
				E58CFA41212E7DD300D03957 /* Base */,
			);
			name = BillSplitter.storyboard;
			sourceTree = "<group>";
		};
		E58CFA45212E7DD300D03957 /* LaunchScreen.storyboard */ = {
			isa = PBXVariantGroup;
			children = (
				E58CFA46212E7DD300D03957 /* Base */,
			);
			name = LaunchScreen.storyboard;
			sourceTree = "<group>";
		};
/* End PBXVariantGroup section */

/* Begin XCBuildConfiguration section */
		E58CFA49212E7DD300D03957 /* Debug */ = {
			isa = XCBuildConfiguration;
			buildSettings = {
				ALWAYS_SEARCH_USER_PATHS = NO;
				CLANG_ANALYZER_NONNULL = YES;
				CLANG_ANALYZER_NUMBER_OBJECT_CONVERSION = YES_AGGRESSIVE;
				CLANG_CXX_LANGUAGE_STANDARD = "gnu++14";
				CLANG_CXX_LIBRARY = "libc++";
				CLANG_ENABLE_MODULES = YES;
				CLANG_ENABLE_OBJC_ARC = YES;
				CLANG_ENABLE_OBJC_WEAK = YES;
				CLANG_WARN_BLOCK_CAPTURE_AUTORELEASING = YES;
				CLANG_WARN_BOOL_CONVERSION = YES;
				CLANG_WARN_COMMA = YES;
				CLANG_WARN_CONSTANT_CONVERSION = YES;
				CLANG_WARN_DEPRECATED_OBJC_IMPLEMENTATIONS = YES;
				CLANG_WARN_DIRECT_OBJC_ISA_USAGE = YES_ERROR;
				CLANG_WARN_DOCUMENTATION_COMMENTS = YES;
				CLANG_WARN_EMPTY_BODY = YES;
				CLANG_WARN_ENUM_CONVERSION = YES;
				CLANG_WARN_INFINITE_RECURSION = YES;
				CLANG_WARN_INT_CONVERSION = YES;
				CLANG_WARN_NON_LITERAL_NULL_CONVERSION = YES;
				CLANG_WARN_OBJC_IMPLICIT_RETAIN_SELF = YES;
				CLANG_WARN_OBJC_LITERAL_CONVERSION = YES;
				CLANG_WARN_OBJC_ROOT_CLASS = YES_ERROR;
				CLANG_WARN_RANGE_LOOP_ANALYSIS = YES;
				CLANG_WARN_STRICT_PROTOTYPES = YES;
				CLANG_WARN_SUSPICIOUS_MOVE = YES;
				CLANG_WARN_UNGUARDED_AVAILABILITY = YES_AGGRESSIVE;
				CLANG_WARN_UNREACHABLE_CODE = YES;
				CLANG_WARN__DUPLICATE_METHOD_MATCH = YES;
				CODE_SIGN_IDENTITY = "iPhone Developer";
				COPY_PHASE_STRIP = NO;
				DEBUG_INFORMATION_FORMAT = dwarf;
				ENABLE_STRICT_OBJC_MSGSEND = YES;
				ENABLE_TESTABILITY = YES;
				GCC_C_LANGUAGE_STANDARD = gnu11;
				GCC_DYNAMIC_NO_PIC = NO;
				GCC_NO_COMMON_BLOCKS = YES;
				GCC_OPTIMIZATION_LEVEL = 0;
				GCC_PREPROCESSOR_DEFINITIONS = (
					"DEBUG=1",
					"$(inherited)",
				);
				GCC_WARN_64_TO_32_BIT_CONVERSION = YES;
				GCC_WARN_ABOUT_RETURN_TYPE = YES_ERROR;
				GCC_WARN_UNDECLARED_SELECTOR = YES;
				GCC_WARN_UNINITIALIZED_AUTOS = YES_AGGRESSIVE;
				GCC_WARN_UNUSED_FUNCTION = YES;
				GCC_WARN_UNUSED_VARIABLE = YES;
				IPHONEOS_DEPLOYMENT_TARGET = 11.4;
				MTL_ENABLE_DEBUG_INFO = YES;
				ONLY_ACTIVE_ARCH = YES;
				SDKROOT = iphoneos;
				SWIFT_ACTIVE_COMPILATION_CONDITIONS = DEBUG;
				SWIFT_OPTIMIZATION_LEVEL = "-Onone";
			};
			name = Debug;
		};
		E58CFA4A212E7DD300D03957 /* Release */ = {
			isa = XCBuildConfiguration;
			buildSettings = {
				ALWAYS_SEARCH_USER_PATHS = NO;
				CLANG_ANALYZER_NONNULL = YES;
				CLANG_ANALYZER_NUMBER_OBJECT_CONVERSION = YES_AGGRESSIVE;
				CLANG_CXX_LANGUAGE_STANDARD = "gnu++14";
				CLANG_CXX_LIBRARY = "libc++";
				CLANG_ENABLE_MODULES = YES;
				CLANG_ENABLE_OBJC_ARC = YES;
				CLANG_ENABLE_OBJC_WEAK = YES;
				CLANG_WARN_BLOCK_CAPTURE_AUTORELEASING = YES;
				CLANG_WARN_BOOL_CONVERSION = YES;
				CLANG_WARN_COMMA = YES;
				CLANG_WARN_CONSTANT_CONVERSION = YES;
				CLANG_WARN_DEPRECATED_OBJC_IMPLEMENTATIONS = YES;
				CLANG_WARN_DIRECT_OBJC_ISA_USAGE = YES_ERROR;
				CLANG_WARN_DOCUMENTATION_COMMENTS = YES;
				CLANG_WARN_EMPTY_BODY = YES;
				CLANG_WARN_ENUM_CONVERSION = YES;
				CLANG_WARN_INFINITE_RECURSION = YES;
				CLANG_WARN_INT_CONVERSION = YES;
				CLANG_WARN_NON_LITERAL_NULL_CONVERSION = YES;
				CLANG_WARN_OBJC_IMPLICIT_RETAIN_SELF = YES;
				CLANG_WARN_OBJC_LITERAL_CONVERSION = YES;
				CLANG_WARN_OBJC_ROOT_CLASS = YES_ERROR;
				CLANG_WARN_RANGE_LOOP_ANALYSIS = YES;
				CLANG_WARN_STRICT_PROTOTYPES = YES;
				CLANG_WARN_SUSPICIOUS_MOVE = YES;
				CLANG_WARN_UNGUARDED_AVAILABILITY = YES_AGGRESSIVE;
				CLANG_WARN_UNREACHABLE_CODE = YES;
				CLANG_WARN__DUPLICATE_METHOD_MATCH = YES;
				CODE_SIGN_IDENTITY = "iPhone Developer";
				COPY_PHASE_STRIP = NO;
				DEBUG_INFORMATION_FORMAT = "dwarf-with-dsym";
				ENABLE_NS_ASSERTIONS = NO;
				ENABLE_STRICT_OBJC_MSGSEND = YES;
				GCC_C_LANGUAGE_STANDARD = gnu11;
				GCC_NO_COMMON_BLOCKS = YES;
				GCC_WARN_64_TO_32_BIT_CONVERSION = YES;
				GCC_WARN_ABOUT_RETURN_TYPE = YES_ERROR;
				GCC_WARN_UNDECLARED_SELECTOR = YES;
				GCC_WARN_UNINITIALIZED_AUTOS = YES_AGGRESSIVE;
				GCC_WARN_UNUSED_FUNCTION = YES;
				GCC_WARN_UNUSED_VARIABLE = YES;
				IPHONEOS_DEPLOYMENT_TARGET = 11.4;
				MTL_ENABLE_DEBUG_INFO = NO;
				SDKROOT = iphoneos;
				SWIFT_COMPILATION_MODE = wholemodule;
				SWIFT_OPTIMIZATION_LEVEL = "-O";
				VALIDATE_PRODUCT = YES;
			};
			name = Release;
		};
		E58CFA4C212E7DD300D03957 /* Debug */ = {
			isa = XCBuildConfiguration;
			buildSettings = {
				ASSETCATALOG_COMPILER_APPICON_NAME = AppIcon;
				CODE_SIGN_STYLE = Automatic;
				INFOPLIST_FILE = "Bill Splitter/Info.plist";
				LD_RUNPATH_SEARCH_PATHS = (
					"$(inherited)",
					"@executable_path/Frameworks",
				);
				PRODUCT_BUNDLE_IDENTIFIER = "app.maxx.Bill-Splitter";
				PRODUCT_NAME = "$(TARGET_NAME)";
				SWIFT_VERSION = 4.0;
				TARGETED_DEVICE_FAMILY = "1,2";
			};
			name = Debug;
		};
		E58CFA4D212E7DD300D03957 /* Release */ = {
			isa = XCBuildConfiguration;
			buildSettings = {
				ASSETCATALOG_COMPILER_APPICON_NAME = AppIcon;
				CODE_SIGN_STYLE = Automatic;
				INFOPLIST_FILE = "Bill Splitter/Info.plist";
				LD_RUNPATH_SEARCH_PATHS = (
					"$(inherited)",
					"@executable_path/Frameworks",
				);
				PRODUCT_BUNDLE_IDENTIFIER = "app.maxx.Bill-Splitter";
				PRODUCT_NAME = "$(TARGET_NAME)";
				SWIFT_VERSION = 4.0;
				TARGETED_DEVICE_FAMILY = "1,2";
			};
			name = Release;
		};
/* End XCBuildConfiguration section */

/* Begin XCConfigurationList section */
		E58CFA34212E7DD200D03957 /* Build configuration list for PBXProject "Bill Splitter" */ = {
			isa = XCConfigurationList;
			buildConfigurations = (
				E58CFA49212E7DD300D03957 /* Debug */,
				E58CFA4A212E7DD300D03957 /* Release */,
			);
			defaultConfigurationIsVisible = 0;
			defaultConfigurationName = Release;
		};
		E58CFA4B212E7DD300D03957 /* Build configuration list for PBXNativeTarget "Bill Splitter" */ = {
			isa = XCConfigurationList;
			buildConfigurations = (
				E58CFA4C212E7DD300D03957 /* Debug */,
				E58CFA4D212E7DD300D03957 /* Release */,
			);
			defaultConfigurationIsVisible = 0;
			defaultConfigurationName = Release;
		};
/* End XCConfigurationList section */
	};
	rootObject = E58CFA31212E7DD200D03957 /* Project object */;
}
